
Microsoft Visual Studio Solution File, Format Version 12.00
# Visual Studio 15
VisualStudioVersion = 15.0.27428.2043
MinimumVisualStudioVersion = 10.0.40219.1
Project("{FAE04EC0-301F-11D3-BF4B-00C04F79EFBC}") = "Toolbox.Forms.Droid", "Toolbox\Toolbox.Android\Toolbox.Forms.Droid.csproj", "{2F33FB8A-2273-4FE2-8A84-0B2EBB569E51}"
EndProject
Project("{FAE04EC0-301F-11D3-BF4B-00C04F79EFBC}") = "Toolbox.Forms.iOS", "Toolbox\Toolbox.iOS\Toolbox.Forms.iOS.csproj", "{68F146EA-4656-4D00-8401-AD6B2FD617AF}"
EndProject
Project("{FAE04EC0-301F-11D3-BF4B-00C04F79EFBC}") = "Toolbox.Forms.UWP", "Toolbox\Toolbox.UWP\Toolbox.Forms.UWP.csproj", "{AB89F7E9-7D09-49A0-8B29-30067A8361B9}"
EndProject
Project("{9A19103F-16F7-4668-BE54-9A1E7A4F7556}") = "Toolbox.Core.Forms", "Toolbox\Toolbox.Forms\Toolbox.Core.Forms.csproj", "{84D0A87F-7DB9-4826-9FCF-C01AD232EB1A}"
EndProject
Global
	GlobalSection(SolutionConfigurationPlatforms) = preSolution
		Ad-Hoc|Any CPU = Ad-Hoc|Any CPU
		Ad-Hoc|ARM = Ad-Hoc|ARM
		Ad-Hoc|iPhone = Ad-Hoc|iPhone
		Ad-Hoc|iPhoneSimulator = Ad-Hoc|iPhoneSimulator
		Ad-Hoc|x64 = Ad-Hoc|x64
		Ad-Hoc|x86 = Ad-Hoc|x86
		AppStore|Any CPU = AppStore|Any CPU
		AppStore|ARM = AppStore|ARM
		AppStore|iPhone = AppStore|iPhone
		AppStore|iPhoneSimulator = AppStore|iPhoneSimulator
		AppStore|x64 = AppStore|x64
		AppStore|x86 = AppStore|x86
		Debug|Any CPU = Debug|Any CPU
		Debug|ARM = Debug|ARM
		Debug|iPhone = Debug|iPhone
		Debug|iPhoneSimulator = Debug|iPhoneSimulator
		Debug|x64 = Debug|x64
		Debug|x86 = Debug|x86
		Release|Any CPU = Release|Any CPU
		Release|ARM = Release|ARM
		Release|iPhone = Release|iPhone
		Release|iPhoneSimulator = Release|iPhoneSimulator
		Release|x64 = Release|x64
		Release|x86 = Release|x86
	EndGlobalSection
	GlobalSection(ProjectConfigurationPlatforms) = postSolution
		{2F33FB8A-2273-4FE2-8A84-0B2EBB569E51}.Ad-Hoc|Any CPU.ActiveCfg = Release|Any CPU
		{2F33FB8A-2273-4FE2-8A84-0B2EBB569E51}.Ad-Hoc|Any CPU.Build.0 = Release|Any CPU
		{2F33FB8A-2273-4FE2-8A84-0B2EBB569E51}.Ad-Hoc|Any CPU.Deploy.0 = Release|Any CPU
		{2F33FB8A-2273-4FE2-8A84-0B2EBB569E51}.Ad-Hoc|ARM.ActiveCfg = Release|Any CPU
		{2F33FB8A-2273-4FE2-8A84-0B2EBB569E51}.Ad-Hoc|ARM.Build.0 = Release|Any CPU
		{2F33FB8A-2273-4FE2-8A84-0B2EBB569E51}.Ad-Hoc|ARM.Deploy.0 = Release|Any CPU
		{2F33FB8A-2273-4FE2-8A84-0B2EBB569E51}.Ad-Hoc|iPhone.ActiveCfg = Release|Any CPU
		{2F33FB8A-2273-4FE2-8A84-0B2EBB569E51}.Ad-Hoc|iPhone.Build.0 = Release|Any CPU
		{2F33FB8A-2273-4FE2-8A84-0B2EBB569E51}.Ad-Hoc|iPhone.Deploy.0 = Release|Any CPU
		{2F33FB8A-2273-4FE2-8A84-0B2EBB569E51}.Ad-Hoc|iPhoneSimulator.ActiveCfg = Release|Any CPU
		{2F33FB8A-2273-4FE2-8A84-0B2EBB569E51}.Ad-Hoc|iPhoneSimulator.Build.0 = Release|Any CPU
		{2F33FB8A-2273-4FE2-8A84-0B2EBB569E51}.Ad-Hoc|iPhoneSimulator.Deploy.0 = Release|Any CPU
		{2F33FB8A-2273-4FE2-8A84-0B2EBB569E51}.Ad-Hoc|x64.ActiveCfg = Release|Any CPU
		{2F33FB8A-2273-4FE2-8A84-0B2EBB569E51}.Ad-Hoc|x64.Build.0 = Release|Any CPU
		{2F33FB8A-2273-4FE2-8A84-0B2EBB569E51}.Ad-Hoc|x64.Deploy.0 = Release|Any CPU
		{2F33FB8A-2273-4FE2-8A84-0B2EBB569E51}.Ad-Hoc|x86.ActiveCfg = Release|Any CPU
		{2F33FB8A-2273-4FE2-8A84-0B2EBB569E51}.Ad-Hoc|x86.Build.0 = Release|Any CPU
		{2F33FB8A-2273-4FE2-8A84-0B2EBB569E51}.Ad-Hoc|x86.Deploy.0 = Release|Any CPU
		{2F33FB8A-2273-4FE2-8A84-0B2EBB569E51}.AppStore|Any CPU.ActiveCfg = Release|Any CPU
		{2F33FB8A-2273-4FE2-8A84-0B2EBB569E51}.AppStore|Any CPU.Build.0 = Release|Any CPU
		{2F33FB8A-2273-4FE2-8A84-0B2EBB569E51}.AppStore|Any CPU.Deploy.0 = Release|Any CPU
		{2F33FB8A-2273-4FE2-8A84-0B2EBB569E51}.AppStore|ARM.ActiveCfg = Release|Any CPU
		{2F33FB8A-2273-4FE2-8A84-0B2EBB569E51}.AppStore|ARM.Build.0 = Release|Any CPU
		{2F33FB8A-2273-4FE2-8A84-0B2EBB569E51}.AppStore|ARM.Deploy.0 = Release|Any CPU
		{2F33FB8A-2273-4FE2-8A84-0B2EBB569E51}.AppStore|iPhone.ActiveCfg = Release|Any CPU
		{2F33FB8A-2273-4FE2-8A84-0B2EBB569E51}.AppStore|iPhone.Build.0 = Release|Any CPU
		{2F33FB8A-2273-4FE2-8A84-0B2EBB569E51}.AppStore|iPhone.Deploy.0 = Release|Any CPU
		{2F33FB8A-2273-4FE2-8A84-0B2EBB569E51}.AppStore|iPhoneSimulator.ActiveCfg = Release|Any CPU
		{2F33FB8A-2273-4FE2-8A84-0B2EBB569E51}.AppStore|iPhoneSimulator.Build.0 = Release|Any CPU
		{2F33FB8A-2273-4FE2-8A84-0B2EBB569E51}.AppStore|iPhoneSimulator.Deploy.0 = Release|Any CPU
		{2F33FB8A-2273-4FE2-8A84-0B2EBB569E51}.AppStore|x64.ActiveCfg = Release|Any CPU
		{2F33FB8A-2273-4FE2-8A84-0B2EBB569E51}.AppStore|x64.Build.0 = Release|Any CPU
		{2F33FB8A-2273-4FE2-8A84-0B2EBB569E51}.AppStore|x64.Deploy.0 = Release|Any CPU
		{2F33FB8A-2273-4FE2-8A84-0B2EBB569E51}.AppStore|x86.ActiveCfg = Release|Any CPU
		{2F33FB8A-2273-4FE2-8A84-0B2EBB569E51}.AppStore|x86.Build.0 = Release|Any CPU
		{2F33FB8A-2273-4FE2-8A84-0B2EBB569E51}.AppStore|x86.Deploy.0 = Release|Any CPU
		{2F33FB8A-2273-4FE2-8A84-0B2EBB569E51}.Debug|Any CPU.ActiveCfg = Debug|Any CPU
		{2F33FB8A-2273-4FE2-8A84-0B2EBB569E51}.Debug|Any CPU.Build.0 = Debug|Any CPU
		{2F33FB8A-2273-4FE2-8A84-0B2EBB569E51}.Debug|Any CPU.Deploy.0 = Debug|Any CPU
		{2F33FB8A-2273-4FE2-8A84-0B2EBB569E51}.Debug|ARM.ActiveCfg = Debug|Any CPU
		{2F33FB8A-2273-4FE2-8A84-0B2EBB569E51}.Debug|ARM.Build.0 = Debug|Any CPU
		{2F33FB8A-2273-4FE2-8A84-0B2EBB569E51}.Debug|ARM.Deploy.0 = Debug|Any CPU
		{2F33FB8A-2273-4FE2-8A84-0B2EBB569E51}.Debug|iPhone.ActiveCfg = Debug|Any CPU
		{2F33FB8A-2273-4FE2-8A84-0B2EBB569E51}.Debug|iPhone.Build.0 = Debug|Any CPU
		{2F33FB8A-2273-4FE2-8A84-0B2EBB569E51}.Debug|iPhone.Deploy.0 = Debug|Any CPU
		{2F33FB8A-2273-4FE2-8A84-0B2EBB569E51}.Debug|iPhoneSimulator.ActiveCfg = Debug|Any CPU
		{2F33FB8A-2273-4FE2-8A84-0B2EBB569E51}.Debug|iPhoneSimulator.Build.0 = Debug|Any CPU
		{2F33FB8A-2273-4FE2-8A84-0B2EBB569E51}.Debug|iPhoneSimulator.Deploy.0 = Debug|Any CPU
		{2F33FB8A-2273-4FE2-8A84-0B2EBB569E51}.Debug|x64.ActiveCfg = Debug|Any CPU
		{2F33FB8A-2273-4FE2-8A84-0B2EBB569E51}.Debug|x64.Build.0 = Debug|Any CPU
		{2F33FB8A-2273-4FE2-8A84-0B2EBB569E51}.Debug|x64.Deploy.0 = Debug|Any CPU
		{2F33FB8A-2273-4FE2-8A84-0B2EBB569E51}.Debug|x86.ActiveCfg = Debug|Any CPU
		{2F33FB8A-2273-4FE2-8A84-0B2EBB569E51}.Debug|x86.Build.0 = Debug|Any CPU
		{2F33FB8A-2273-4FE2-8A84-0B2EBB569E51}.Debug|x86.Deploy.0 = Debug|Any CPU
		{2F33FB8A-2273-4FE2-8A84-0B2EBB569E51}.Release|Any CPU.ActiveCfg = Release|Any CPU
		{2F33FB8A-2273-4FE2-8A84-0B2EBB569E51}.Release|Any CPU.Build.0 = Release|Any CPU
		{2F33FB8A-2273-4FE2-8A84-0B2EBB569E51}.Release|Any CPU.Deploy.0 = Release|Any CPU
		{2F33FB8A-2273-4FE2-8A84-0B2EBB569E51}.Release|ARM.ActiveCfg = Release|Any CPU
		{2F33FB8A-2273-4FE2-8A84-0B2EBB569E51}.Release|ARM.Build.0 = Release|Any CPU
		{2F33FB8A-2273-4FE2-8A84-0B2EBB569E51}.Release|ARM.Deploy.0 = Release|Any CPU
		{2F33FB8A-2273-4FE2-8A84-0B2EBB569E51}.Release|iPhone.ActiveCfg = Release|Any CPU
		{2F33FB8A-2273-4FE2-8A84-0B2EBB569E51}.Release|iPhone.Build.0 = Release|Any CPU
		{2F33FB8A-2273-4FE2-8A84-0B2EBB569E51}.Release|iPhone.Deploy.0 = Release|Any CPU
		{2F33FB8A-2273-4FE2-8A84-0B2EBB569E51}.Release|iPhoneSimulator.ActiveCfg = Release|Any CPU
		{2F33FB8A-2273-4FE2-8A84-0B2EBB569E51}.Release|iPhoneSimulator.Build.0 = Release|Any CPU
		{2F33FB8A-2273-4FE2-8A84-0B2EBB569E51}.Release|iPhoneSimulator.Deploy.0 = Release|Any CPU
		{2F33FB8A-2273-4FE2-8A84-0B2EBB569E51}.Release|x64.ActiveCfg = Release|Any CPU
		{2F33FB8A-2273-4FE2-8A84-0B2EBB569E51}.Release|x64.Build.0 = Release|Any CPU
		{2F33FB8A-2273-4FE2-8A84-0B2EBB569E51}.Release|x64.Deploy.0 = Release|Any CPU
		{2F33FB8A-2273-4FE2-8A84-0B2EBB569E51}.Release|x86.ActiveCfg = Release|Any CPU
		{2F33FB8A-2273-4FE2-8A84-0B2EBB569E51}.Release|x86.Build.0 = Release|Any CPU
		{2F33FB8A-2273-4FE2-8A84-0B2EBB569E51}.Release|x86.Deploy.0 = Release|Any CPU
		{68F146EA-4656-4D00-8401-AD6B2FD617AF}.Ad-Hoc|Any CPU.ActiveCfg = Ad-Hoc|iPhone
		{68F146EA-4656-4D00-8401-AD6B2FD617AF}.Ad-Hoc|ARM.ActiveCfg = Ad-Hoc|iPhone
		{68F146EA-4656-4D00-8401-AD6B2FD617AF}.Ad-Hoc|iPhone.ActiveCfg = Ad-Hoc|iPhone
		{68F146EA-4656-4D00-8401-AD6B2FD617AF}.Ad-Hoc|iPhone.Build.0 = Ad-Hoc|iPhone
		{68F146EA-4656-4D00-8401-AD6B2FD617AF}.Ad-Hoc|iPhoneSimulator.ActiveCfg = Ad-Hoc|iPhoneSimulator
		{68F146EA-4656-4D00-8401-AD6B2FD617AF}.Ad-Hoc|iPhoneSimulator.Build.0 = Ad-Hoc|iPhoneSimulator
		{68F146EA-4656-4D00-8401-AD6B2FD617AF}.Ad-Hoc|x64.ActiveCfg = Ad-Hoc|iPhone
		{68F146EA-4656-4D00-8401-AD6B2FD617AF}.Ad-Hoc|x86.ActiveCfg = Ad-Hoc|iPhone
		{68F146EA-4656-4D00-8401-AD6B2FD617AF}.AppStore|Any CPU.ActiveCfg = AppStore|iPhone
		{68F146EA-4656-4D00-8401-AD6B2FD617AF}.AppStore|ARM.ActiveCfg = AppStore|iPhone
		{68F146EA-4656-4D00-8401-AD6B2FD617AF}.AppStore|iPhone.ActiveCfg = AppStore|iPhone
		{68F146EA-4656-4D00-8401-AD6B2FD617AF}.AppStore|iPhone.Build.0 = AppStore|iPhone
		{68F146EA-4656-4D00-8401-AD6B2FD617AF}.AppStore|iPhoneSimulator.ActiveCfg = AppStore|iPhoneSimulator
		{68F146EA-4656-4D00-8401-AD6B2FD617AF}.AppStore|iPhoneSimulator.Build.0 = AppStore|iPhoneSimulator
		{68F146EA-4656-4D00-8401-AD6B2FD617AF}.AppStore|x64.ActiveCfg = AppStore|iPhone
		{68F146EA-4656-4D00-8401-AD6B2FD617AF}.AppStore|x86.ActiveCfg = AppStore|iPhone
		{68F146EA-4656-4D00-8401-AD6B2FD617AF}.Debug|Any CPU.ActiveCfg = Debug|iPhone
		{68F146EA-4656-4D00-8401-AD6B2FD617AF}.Debug|ARM.ActiveCfg = Debug|iPhone
		{68F146EA-4656-4D00-8401-AD6B2FD617AF}.Debug|iPhone.ActiveCfg = Debug|iPhone
		{68F146EA-4656-4D00-8401-AD6B2FD617AF}.Debug|iPhone.Build.0 = Debug|iPhone
		{68F146EA-4656-4D00-8401-AD6B2FD617AF}.Debug|iPhoneSimulator.ActiveCfg = Debug|iPhoneSimulator
		{68F146EA-4656-4D00-8401-AD6B2FD617AF}.Debug|iPhoneSimulator.Build.0 = Debug|iPhoneSimulator
		{68F146EA-4656-4D00-8401-AD6B2FD617AF}.Debug|x64.ActiveCfg = Debug|iPhone
		{68F146EA-4656-4D00-8401-AD6B2FD617AF}.Debug|x86.ActiveCfg = Debug|iPhone
		{68F146EA-4656-4D00-8401-AD6B2FD617AF}.Release|Any CPU.ActiveCfg = Release|iPhone
		{68F146EA-4656-4D00-8401-AD6B2FD617AF}.Release|ARM.ActiveCfg = Release|iPhone
		{68F146EA-4656-4D00-8401-AD6B2FD617AF}.Release|iPhone.ActiveCfg = Release|iPhone
		{68F146EA-4656-4D00-8401-AD6B2FD617AF}.Release|iPhone.Build.0 = Release|iPhone
		{68F146EA-4656-4D00-8401-AD6B2FD617AF}.Release|iPhoneSimulator.ActiveCfg = Release|iPhoneSimulator
		{68F146EA-4656-4D00-8401-AD6B2FD617AF}.Release|iPhoneSimulator.Build.0 = Release|iPhoneSimulator
		{68F146EA-4656-4D00-8401-AD6B2FD617AF}.Release|x64.ActiveCfg = Release|iPhone
		{68F146EA-4656-4D00-8401-AD6B2FD617AF}.Release|x86.ActiveCfg = Release|iPhone
		{AB89F7E9-7D09-49A0-8B29-30067A8361B9}.Ad-Hoc|Any CPU.ActiveCfg = Release|x86
		{AB89F7E9-7D09-49A0-8B29-30067A8361B9}.Ad-Hoc|Any CPU.Build.0 = Release|x86
		{AB89F7E9-7D09-49A0-8B29-30067A8361B9}.Ad-Hoc|Any CPU.Deploy.0 = Release|x86
		{AB89F7E9-7D09-49A0-8B29-30067A8361B9}.Ad-Hoc|ARM.ActiveCfg = Release|ARM
		{AB89F7E9-7D09-49A0-8B29-30067A8361B9}.Ad-Hoc|ARM.Build.0 = Release|ARM
		{AB89F7E9-7D09-49A0-8B29-30067A8361B9}.Ad-Hoc|ARM.Deploy.0 = Release|ARM
		{AB89F7E9-7D09-49A0-8B29-30067A8361B9}.Ad-Hoc|iPhone.ActiveCfg = Release|x86
		{AB89F7E9-7D09-49A0-8B29-30067A8361B9}.Ad-Hoc|iPhone.Build.0 = Release|x86
		{AB89F7E9-7D09-49A0-8B29-30067A8361B9}.Ad-Hoc|iPhone.Deploy.0 = Release|x86
		{AB89F7E9-7D09-49A0-8B29-30067A8361B9}.Ad-Hoc|iPhoneSimulator.ActiveCfg = Release|x86
		{AB89F7E9-7D09-49A0-8B29-30067A8361B9}.Ad-Hoc|iPhoneSimulator.Build.0 = Release|x86
		{AB89F7E9-7D09-49A0-8B29-30067A8361B9}.Ad-Hoc|iPhoneSimulator.Deploy.0 = Release|x86
		{AB89F7E9-7D09-49A0-8B29-30067A8361B9}.Ad-Hoc|x64.ActiveCfg = Release|x64
		{AB89F7E9-7D09-49A0-8B29-30067A8361B9}.Ad-Hoc|x64.Build.0 = Release|x64
		{AB89F7E9-7D09-49A0-8B29-30067A8361B9}.Ad-Hoc|x64.Deploy.0 = Release|x64
		{AB89F7E9-7D09-49A0-8B29-30067A8361B9}.Ad-Hoc|x86.ActiveCfg = Release|x86
		{AB89F7E9-7D09-49A0-8B29-30067A8361B9}.Ad-Hoc|x86.Build.0 = Release|x86
		{AB89F7E9-7D09-49A0-8B29-30067A8361B9}.Ad-Hoc|x86.Deploy.0 = Release|x86
		{AB89F7E9-7D09-49A0-8B29-30067A8361B9}.AppStore|Any CPU.ActiveCfg = Release|x86
		{AB89F7E9-7D09-49A0-8B29-30067A8361B9}.AppStore|Any CPU.Build.0 = Release|x86
		{AB89F7E9-7D09-49A0-8B29-30067A8361B9}.AppStore|Any CPU.Deploy.0 = Release|x86
		{AB89F7E9-7D09-49A0-8B29-30067A8361B9}.AppStore|ARM.ActiveCfg = Release|ARM
		{AB89F7E9-7D09-49A0-8B29-30067A8361B9}.AppStore|ARM.Build.0 = Release|ARM
		{AB89F7E9-7D09-49A0-8B29-30067A8361B9}.AppStore|ARM.Deploy.0 = Release|ARM
		{AB89F7E9-7D09-49A0-8B29-30067A8361B9}.AppStore|iPhone.ActiveCfg = Release|x86
		{AB89F7E9-7D09-49A0-8B29-30067A8361B9}.AppStore|iPhone.Build.0 = Release|x86
		{AB89F7E9-7D09-49A0-8B29-30067A8361B9}.AppStore|iPhone.Deploy.0 = Release|x86
		{AB89F7E9-7D09-49A0-8B29-30067A8361B9}.AppStore|iPhoneSimulator.ActiveCfg = Release|x86
		{AB89F7E9-7D09-49A0-8B29-30067A8361B9}.AppStore|iPhoneSimulator.Build.0 = Release|x86
		{AB89F7E9-7D09-49A0-8B29-30067A8361B9}.AppStore|iPhoneSimulator.Deploy.0 = Release|x86
		{AB89F7E9-7D09-49A0-8B29-30067A8361B9}.AppStore|x64.ActiveCfg = Release|x64
		{AB89F7E9-7D09-49A0-8B29-30067A8361B9}.AppStore|x64.Build.0 = Release|x64
		{AB89F7E9-7D09-49A0-8B29-30067A8361B9}.AppStore|x64.Deploy.0 = Release|x64
		{AB89F7E9-7D09-49A0-8B29-30067A8361B9}.AppStore|x86.ActiveCfg = Release|x86
		{AB89F7E9-7D09-49A0-8B29-30067A8361B9}.AppStore|x86.Build.0 = Release|x86
		{AB89F7E9-7D09-49A0-8B29-30067A8361B9}.AppStore|x86.Deploy.0 = Release|x86
		{AB89F7E9-7D09-49A0-8B29-30067A8361B9}.Debug|Any CPU.ActiveCfg = Debug|x86
		{AB89F7E9-7D09-49A0-8B29-30067A8361B9}.Debug|ARM.ActiveCfg = Debug|ARM
		{AB89F7E9-7D09-49A0-8B29-30067A8361B9}.Debug|ARM.Build.0 = Debug|ARM
		{AB89F7E9-7D09-49A0-8B29-30067A8361B9}.Debug|ARM.Deploy.0 = Debug|ARM
		{AB89F7E9-7D09-49A0-8B29-30067A8361B9}.Debug|iPhone.ActiveCfg = Debug|x86
		{AB89F7E9-7D09-49A0-8B29-30067A8361B9}.Debug|iPhoneSimulator.ActiveCfg = Debug|x86
		{AB89F7E9-7D09-49A0-8B29-30067A8361B9}.Debug|x64.ActiveCfg = Debug|x64
		{AB89F7E9-7D09-49A0-8B29-30067A8361B9}.Debug|x64.Build.0 = Debug|x64
		{AB89F7E9-7D09-49A0-8B29-30067A8361B9}.Debug|x64.Deploy.0 = Debug|x64
		{AB89F7E9-7D09-49A0-8B29-30067A8361B9}.Debug|x86.ActiveCfg = Debug|x86
		{AB89F7E9-7D09-49A0-8B29-30067A8361B9}.Debug|x86.Build.0 = Debug|x86
		{AB89F7E9-7D09-49A0-8B29-30067A8361B9}.Debug|x86.Deploy.0 = Debug|x86
		{AB89F7E9-7D09-49A0-8B29-30067A8361B9}.Release|Any CPU.ActiveCfg = Release|x86
		{AB89F7E9-7D09-49A0-8B29-30067A8361B9}.Release|ARM.ActiveCfg = Release|ARM
		{AB89F7E9-7D09-49A0-8B29-30067A8361B9}.Release|ARM.Build.0 = Release|ARM
		{AB89F7E9-7D09-49A0-8B29-30067A8361B9}.Release|ARM.Deploy.0 = Release|ARM
		{AB89F7E9-7D09-49A0-8B29-30067A8361B9}.Release|iPhone.ActiveCfg = Release|x86
		{AB89F7E9-7D09-49A0-8B29-30067A8361B9}.Release|iPhoneSimulator.ActiveCfg = Release|x86
		{AB89F7E9-7D09-49A0-8B29-30067A8361B9}.Release|x64.ActiveCfg = Release|x64
		{AB89F7E9-7D09-49A0-8B29-30067A8361B9}.Release|x64.Build.0 = Release|x64
		{AB89F7E9-7D09-49A0-8B29-30067A8361B9}.Release|x64.Deploy.0 = Release|x64
		{AB89F7E9-7D09-49A0-8B29-30067A8361B9}.Release|x86.ActiveCfg = Release|x86
		{AB89F7E9-7D09-49A0-8B29-30067A8361B9}.Release|x86.Build.0 = Release|x86
		{AB89F7E9-7D09-49A0-8B29-30067A8361B9}.Release|x86.Deploy.0 = Release|x86
		{84D0A87F-7DB9-4826-9FCF-C01AD232EB1A}.Ad-Hoc|Any CPU.ActiveCfg = Debug|Any CPU
		{84D0A87F-7DB9-4826-9FCF-C01AD232EB1A}.Ad-Hoc|Any CPU.Build.0 = Debug|Any CPU
		{84D0A87F-7DB9-4826-9FCF-C01AD232EB1A}.Ad-Hoc|ARM.ActiveCfg = Debug|Any CPU
		{84D0A87F-7DB9-4826-9FCF-C01AD232EB1A}.Ad-Hoc|ARM.Build.0 = Debug|Any CPU
		{84D0A87F-7DB9-4826-9FCF-C01AD232EB1A}.Ad-Hoc|iPhone.ActiveCfg = Debug|Any CPU
		{84D0A87F-7DB9-4826-9FCF-C01AD232EB1A}.Ad-Hoc|iPhone.Build.0 = Debug|Any CPU
		{84D0A87F-7DB9-4826-9FCF-C01AD232EB1A}.Ad-Hoc|iPhoneSimulator.ActiveCfg = Debug|Any CPU
		{84D0A87F-7DB9-4826-9FCF-C01AD232EB1A}.Ad-Hoc|iPhoneSimulator.Build.0 = Debug|Any CPU
		{84D0A87F-7DB9-4826-9FCF-C01AD232EB1A}.Ad-Hoc|x64.ActiveCfg = Debug|Any CPU
		{84D0A87F-7DB9-4826-9FCF-C01AD232EB1A}.Ad-Hoc|x64.Build.0 = Debug|Any CPU
		{84D0A87F-7DB9-4826-9FCF-C01AD232EB1A}.Ad-Hoc|x86.ActiveCfg = Debug|Any CPU
		{84D0A87F-7DB9-4826-9FCF-C01AD232EB1A}.Ad-Hoc|x86.Build.0 = Debug|Any CPU
		{84D0A87F-7DB9-4826-9FCF-C01AD232EB1A}.AppStore|Any CPU.ActiveCfg = Debug|Any CPU
		{84D0A87F-7DB9-4826-9FCF-C01AD232EB1A}.AppStore|Any CPU.Build.0 = Debug|Any CPU
		{84D0A87F-7DB9-4826-9FCF-C01AD232EB1A}.AppStore|ARM.ActiveCfg = Debug|Any CPU
		{84D0A87F-7DB9-4826-9FCF-C01AD232EB1A}.AppStore|ARM.Build.0 = Debug|Any CPU
		{84D0A87F-7DB9-4826-9FCF-C01AD232EB1A}.AppStore|iPhone.ActiveCfg = Debug|Any CPU
		{84D0A87F-7DB9-4826-9FCF-C01AD232EB1A}.AppStore|iPhone.Build.0 = Debug|Any CPU
		{84D0A87F-7DB9-4826-9FCF-C01AD232EB1A}.AppStore|iPhoneSimulator.ActiveCfg = Debug|Any CPU
		{84D0A87F-7DB9-4826-9FCF-C01AD232EB1A}.AppStore|iPhoneSimulator.Build.0 = Debug|Any CPU
		{84D0A87F-7DB9-4826-9FCF-C01AD232EB1A}.AppStore|x64.ActiveCfg = Debug|Any CPU
		{84D0A87F-7DB9-4826-9FCF-C01AD232EB1A}.AppStore|x64.Build.0 = Debug|Any CPU
		{84D0A87F-7DB9-4826-9FCF-C01AD232EB1A}.AppStore|x86.ActiveCfg = Debug|Any CPU
		{84D0A87F-7DB9-4826-9FCF-C01AD232EB1A}.AppStore|x86.Build.0 = Debug|Any CPU
		{84D0A87F-7DB9-4826-9FCF-C01AD232EB1A}.Debug|Any CPU.ActiveCfg = Debug|Any CPU
		{84D0A87F-7DB9-4826-9FCF-C01AD232EB1A}.Debug|Any CPU.Build.0 = Debug|Any CPU
		{84D0A87F-7DB9-4826-9FCF-C01AD232EB1A}.Debug|ARM.ActiveCfg = Debug|Any CPU
		{84D0A87F-7DB9-4826-9FCF-C01AD232EB1A}.Debug|ARM.Build.0 = Debug|Any CPU
		{84D0A87F-7DB9-4826-9FCF-C01AD232EB1A}.Debug|iPhone.ActiveCfg = Debug|Any CPU
		{84D0A87F-7DB9-4826-9FCF-C01AD232EB1A}.Debug|iPhone.Build.0 = Debug|Any CPU
		{84D0A87F-7DB9-4826-9FCF-C01AD232EB1A}.Debug|iPhoneSimulator.ActiveCfg = Debug|Any CPU
		{84D0A87F-7DB9-4826-9FCF-C01AD232EB1A}.Debug|iPhoneSimulator.Build.0 = Debug|Any CPU
		{84D0A87F-7DB9-4826-9FCF-C01AD232EB1A}.Debug|x64.ActiveCfg = Debug|Any CPU
		{84D0A87F-7DB9-4826-9FCF-C01AD232EB1A}.Debug|x64.Build.0 = Debug|Any CPU
		{84D0A87F-7DB9-4826-9FCF-C01AD232EB1A}.Debug|x86.ActiveCfg = Debug|Any CPU
		{84D0A87F-7DB9-4826-9FCF-C01AD232EB1A}.Debug|x86.Build.0 = Debug|Any CPU
		{84D0A87F-7DB9-4826-9FCF-C01AD232EB1A}.Release|Any CPU.ActiveCfg = Release|Any CPU
		{84D0A87F-7DB9-4826-9FCF-C01AD232EB1A}.Release|Any CPU.Build.0 = Release|Any CPU
		{84D0A87F-7DB9-4826-9FCF-C01AD232EB1A}.Release|ARM.ActiveCfg = Release|Any CPU
		{84D0A87F-7DB9-4826-9FCF-C01AD232EB1A}.Release|ARM.Build.0 = Release|Any CPU
		{84D0A87F-7DB9-4826-9FCF-C01AD232EB1A}.Release|iPhone.ActiveCfg = Release|Any CPU
		{84D0A87F-7DB9-4826-9FCF-C01AD232EB1A}.Release|iPhone.Build.0 = Release|Any CPU
		{84D0A87F-7DB9-4826-9FCF-C01AD232EB1A}.Release|iPhoneSimulator.ActiveCfg = Release|Any CPU
		{84D0A87F-7DB9-4826-9FCF-C01AD232EB1A}.Release|iPhoneSimulator.Build.0 = Release|Any CPU
		{84D0A87F-7DB9-4826-9FCF-C01AD232EB1A}.Release|x64.ActiveCfg = Release|Any CPU
		{84D0A87F-7DB9-4826-9FCF-C01AD232EB1A}.Release|x64.Build.0 = Release|Any CPU
		{84D0A87F-7DB9-4826-9FCF-C01AD232EB1A}.Release|x86.ActiveCfg = Release|Any CPU
		{84D0A87F-7DB9-4826-9FCF-C01AD232EB1A}.Release|x86.Build.0 = Release|Any CPU
	EndGlobalSection
	GlobalSection(SolutionProperties) = preSolution
		HideSolutionNode = FALSE
	EndGlobalSection
	GlobalSection(ExtensibilityGlobals) = postSolution
		SolutionGuid = {D63F17FE-D60F-465C-BCE0-E2ADB22BA8A2}
	EndGlobalSection
EndGlobal
